
Microsoft Visual Studio Solution File, Format Version 12.00
# Visual Studio Version 16
VisualStudioVersion = 16.0.31515.178
MinimumVisualStudioVersion = 10.0.40219.1
Project("{9A19103F-16F7-4668-BE54-9A1E7A4F7556}") = "Fiap.Aula03.Web", "Fiap.Aula03.Web.csproj", "{A1A6FF83-942A-4153-BC7C-C050166F143E}"
EndProject
Global
	GlobalSection(SolutionConfigurationPlatforms) = preSolution
		Debug|Any CPU = Debug|Any CPU
		Release|Any CPU = Release|Any CPU
	EndGlobalSection
	GlobalSection(ProjectConfigurationPlatforms) = postSolution
		{A1A6FF83-942A-4153-BC7C-C050166F143E}.Debug|Any CPU.ActiveCfg = Debug|Any CPU
		{A1A6FF83-942A-4153-BC7C-C050166F143E}.Debug|Any CPU.Build.0 = Debug|Any CPU
		{A1A6FF83-942A-4153-BC7C-C050166F143E}.Release|Any CPU.ActiveCfg = Release|Any CPU
		{A1A6FF83-942A-4153-BC7C-C050166F143E}.Release|Any CPU.Build.0 = Release|Any CPU
	EndGlobalSection
	GlobalSection(SolutionProperties) = preSolution
		HideSolutionNode = FALSE
	EndGlobalSection
	GlobalSection(ExtensibilityGlobals) = postSolution
		SolutionGuid = {E7BFF9C9-FA8B-46CE-9DD0-AC7A1CC41F6B}
	EndGlobalSection
EndGlobal
